github.com/bobertlo/go-mpg123 v0.0.0-20211210004329-c83f21a0fd39 h1:VCejVrz3ZyFZbDZTAawyzqVTPvsqaYkDNriuvqI+Ul4=
github.com/bobertlo/go-mpg123 v0.0.0-20211210004329-c83f21a0fd39/go.mod h1:mXbpHtCUpJj6n++mw/GWIxTeajLCSA7+uKHc9yP+WBI=
github.com/gordonklaus/portaudio v0.0.0-20220320131553-cc649ad523c1 h1:FgUJ91JoMbS5qWXdIpnHta1hLtw1X8n2ek5JRED3R1I=
github.com/gordonklaus/portaudio v0.0.0-20220320131553-cc649ad523c1/go.mod h1:HfYnZi/ARQKG0dwH5HNDmPCHdLiFiBf+SI7DbhW7et4=
